
Microsoft Visual Studio Solution File, Format Version 12.00
Project("{FAE04EC0-301F-11D3-BF4B-00C04F79EFBC}") = "LagGridBroadcaster", "LagGridBroadcaster\LagGridBroadcaster.csproj", "{DD316DB4-5D89-4DB2-AA47-DAC2A1A0EA64}"
EndProject
Global
	GlobalSection(SolutionConfigurationPlatforms) = preSolution
		Debug|x64 = Debug|x64
		Release|x64 = Release|x64
	EndGlobalSection
	GlobalSection(ProjectConfigurationPlatforms) = postSolution
		{DD316DB4-5D89-4DB2-AA47-DAC2A1A0EA64}.Debug|x64.ActiveCfg = Debug|x64
		{DD316DB4-5D89-4DB2-AA47-DAC2A1A0EA64}.Debug|x64.Build.0 = Debug|x64
		{DD316DB4-5D89-4DB2-AA47-DAC2A1A0EA64}.Release|x64.ActiveCfg = Release|x64
		{DD316DB4-5D89-4DB2-AA47-DAC2A1A0EA64}.Release|x64.Build.0 = Release|x64
	EndGlobalSection
EndGlobal
